
Microsoft Visual Studio Solution File, Format Version 12.00
# Visual Studio 15
VisualStudioVersion = 15.0.25302.0
MinimumVisualStudioVersion = 10.0.40219.1
Project("{FAE04EC0-301F-11D3-BF4B-00C04F79EFBC}") = "Poz1.Forms.MobileApps.Droid", "Poz1.Forms.MobileApps\Poz1.Forms.MobileApps.Droid\Poz1.Forms.MobileApps.Droid.csproj", "{ADA27768-A86F-48EA-B3D5-59D3A2B8BB1C}"
EndProject
Project("{FAE04EC0-301F-11D3-BF4B-00C04F79EFBC}") = "Poz1.Forms.MobileApps.iOS", "Poz1.Forms.MobileApps\Poz1.Forms.MobileApps.iOS\Poz1.Forms.MobileApps.iOS.csproj", "{23E1DD73-D318-4125-9B2A-52552BD86183}"
EndProject
Project("{FAE04EC0-301F-11D3-BF4B-00C04F79EFBC}") = "Poz1.Forms.MobileApps.UWP", "Poz1.Forms.MobileApps\Poz1.Forms.MobileApps.UWP\Poz1.Forms.MobileApps.UWP.csproj", "{1663F0F7-2A21-4FD1-9E11-26D4A1C0A094}"
EndProject
Project("{FAE04EC0-301F-11D3-BF4B-00C04F79EFBC}") = "Poz1.Forms.MobileApps", "Poz1.Forms.MobileApps\Poz1.Forms.MobileApps\Poz1.Forms.MobileApps.csproj", "{8E7E6F11-5344-41B2-B837-3B1A3567B398}"
EndProject
Global
	GlobalSection(SolutionConfigurationPlatforms) = preSolution
		Ad-Hoc|Any CPU = Ad-Hoc|Any CPU
		Ad-Hoc|ARM = Ad-Hoc|ARM
		Ad-Hoc|iPhone = Ad-Hoc|iPhone
		Ad-Hoc|iPhoneSimulator = Ad-Hoc|iPhoneSimulator
		Ad-Hoc|x64 = Ad-Hoc|x64
		Ad-Hoc|x86 = Ad-Hoc|x86
		AppStore|Any CPU = AppStore|Any CPU
		AppStore|ARM = AppStore|ARM
		AppStore|iPhone = AppStore|iPhone
		AppStore|iPhoneSimulator = AppStore|iPhoneSimulator
		AppStore|x64 = AppStore|x64
		AppStore|x86 = AppStore|x86
		Debug|Any CPU = Debug|Any CPU
		Debug|ARM = Debug|ARM
		Debug|iPhone = Debug|iPhone
		Debug|iPhoneSimulator = Debug|iPhoneSimulator
		Debug|x64 = Debug|x64
		Debug|x86 = Debug|x86
		Release|Any CPU = Release|Any CPU
		Release|ARM = Release|ARM
		Release|iPhone = Release|iPhone
		Release|iPhoneSimulator = Release|iPhoneSimulator
		Release|x64 = Release|x64
		Release|x86 = Release|x86
	EndGlobalSection
	GlobalSection(ProjectConfigurationPlatforms) = postSolution
		{ADA27768-A86F-48EA-B3D5-59D3A2B8BB1C}.Ad-Hoc|Any CPU.ActiveCfg = Release|Any CPU
		{ADA27768-A86F-48EA-B3D5-59D3A2B8BB1C}.Ad-Hoc|Any CPU.Build.0 = Release|Any CPU
		{ADA27768-A86F-48EA-B3D5-59D3A2B8BB1C}.Ad-Hoc|Any CPU.Deploy.0 = Release|Any CPU
		{ADA27768-A86F-48EA-B3D5-59D3A2B8BB1C}.Ad-Hoc|ARM.ActiveCfg = Release|Any CPU
		{ADA27768-A86F-48EA-B3D5-59D3A2B8BB1C}.Ad-Hoc|ARM.Build.0 = Release|Any CPU
		{ADA27768-A86F-48EA-B3D5-59D3A2B8BB1C}.Ad-Hoc|ARM.Deploy.0 = Release|Any CPU
		{ADA27768-A86F-48EA-B3D5-59D3A2B8BB1C}.Ad-Hoc|iPhone.ActiveCfg = Release|Any CPU
		{ADA27768-A86F-48EA-B3D5-59D3A2B8BB1C}.Ad-Hoc|iPhone.Build.0 = Release|Any CPU
		{ADA27768-A86F-48EA-B3D5-59D3A2B8BB1C}.Ad-Hoc|iPhone.Deploy.0 = Release|Any CPU
		{ADA27768-A86F-48EA-B3D5-59D3A2B8BB1C}.Ad-Hoc|iPhoneSimulator.ActiveCfg = Release|Any CPU
		{ADA27768-A86F-48EA-B3D5-59D3A2B8BB1C}.Ad-Hoc|iPhoneSimulator.Build.0 = Release|Any CPU
		{ADA27768-A86F-48EA-B3D5-59D3A2B8BB1C}.Ad-Hoc|iPhoneSimulator.Deploy.0 = Release|Any CPU
		{ADA27768-A86F-48EA-B3D5-59D3A2B8BB1C}.Ad-Hoc|x64.ActiveCfg = Release|Any CPU
		{ADA27768-A86F-48EA-B3D5-59D3A2B8BB1C}.Ad-Hoc|x64.Build.0 = Release|Any CPU
		{ADA27768-A86F-48EA-B3D5-59D3A2B8BB1C}.Ad-Hoc|x64.Deploy.0 = Release|Any CPU
		{ADA27768-A86F-48EA-B3D5-59D3A2B8BB1C}.Ad-Hoc|x86.ActiveCfg = Release|Any CPU
		{ADA27768-A86F-48EA-B3D5-59D3A2B8BB1C}.Ad-Hoc|x86.Build.0 = Release|Any CPU
		{ADA27768-A86F-48EA-B3D5-59D3A2B8BB1C}.Ad-Hoc|x86.Deploy.0 = Release|Any CPU
		{ADA27768-A86F-48EA-B3D5-59D3A2B8BB1C}.AppStore|Any CPU.ActiveCfg = Release|Any CPU
		{ADA27768-A86F-48EA-B3D5-59D3A2B8BB1C}.AppStore|Any CPU.Build.0 = Release|Any CPU
		{ADA27768-A86F-48EA-B3D5-59D3A2B8BB1C}.AppStore|Any CPU.Deploy.0 = Release|Any CPU
		{ADA27768-A86F-48EA-B3D5-59D3A2B8BB1C}.AppStore|ARM.ActiveCfg = Release|Any CPU
		{ADA27768-A86F-48EA-B3D5-59D3A2B8BB1C}.AppStore|ARM.Build.0 = Release|Any CPU
		{ADA27768-A86F-48EA-B3D5-59D3A2B8BB1C}.AppStore|ARM.Deploy.0 = Release|Any CPU
		{ADA27768-A86F-48EA-B3D5-59D3A2B8BB1C}.AppStore|iPhone.ActiveCfg = Release|Any CPU
		{ADA27768-A86F-48EA-B3D5-59D3A2B8BB1C}.AppStore|iPhone.Build.0 = Release|Any CPU
		{ADA27768-A86F-48EA-B3D5-59D3A2B8BB1C}.AppStore|iPhone.Deploy.0 = Release|Any CPU
		{ADA27768-A86F-48EA-B3D5-59D3A2B8BB1C}.AppStore|iPhoneSimulator.ActiveCfg = Release|Any CPU
		{ADA27768-A86F-48EA-B3D5-59D3A2B8BB1C}.AppStore|iPhoneSimulator.Build.0 = Release|Any CPU
		{ADA27768-A86F-48EA-B3D5-59D3A2B8BB1C}.AppStore|iPhoneSimulator.Deploy.0 = Release|Any CPU
		{ADA27768-A86F-48EA-B3D5-59D3A2B8BB1C}.AppStore|x64.ActiveCfg = Release|Any CPU
		{ADA27768-A86F-48EA-B3D5-59D3A2B8BB1C}.AppStore|x64.Build.0 = Release|Any CPU
		{ADA27768-A86F-48EA-B3D5-59D3A2B8BB1C}.AppStore|x64.Deploy.0 = Release|Any CPU
		{ADA27768-A86F-48EA-B3D5-59D3A2B8BB1C}.AppStore|x86.ActiveCfg = Release|Any CPU
		{ADA27768-A86F-48EA-B3D5-59D3A2B8BB1C}.AppStore|x86.Build.0 = Release|Any CPU
		{ADA27768-A86F-48EA-B3D5-59D3A2B8BB1C}.AppStore|x86.Deploy.0 = Release|Any CPU
		{ADA27768-A86F-48EA-B3D5-59D3A2B8BB1C}.Debug|Any CPU.ActiveCfg = Debug|Any CPU
		{ADA27768-A86F-48EA-B3D5-59D3A2B8BB1C}.Debug|Any CPU.Build.0 = Debug|Any CPU
		{ADA27768-A86F-48EA-B3D5-59D3A2B8BB1C}.Debug|Any CPU.Deploy.0 = Debug|Any CPU
		{ADA27768-A86F-48EA-B3D5-59D3A2B8BB1C}.Debug|ARM.ActiveCfg = Debug|Any CPU
		{ADA27768-A86F-48EA-B3D5-59D3A2B8BB1C}.Debug|ARM.Build.0 = Debug|Any CPU
		{ADA27768-A86F-48EA-B3D5-59D3A2B8BB1C}.Debug|ARM.Deploy.0 = Debug|Any CPU
		{ADA27768-A86F-48EA-B3D5-59D3A2B8BB1C}.Debug|iPhone.ActiveCfg = Debug|Any CPU
		{ADA27768-A86F-48EA-B3D5-59D3A2B8BB1C}.Debug|iPhone.Build.0 = Debug|Any CPU
		{ADA27768-A86F-48EA-B3D5-59D3A2B8BB1C}.Debug|iPhone.Deploy.0 = Debug|Any CPU
		{ADA27768-A86F-48EA-B3D5-59D3A2B8BB1C}.Debug|iPhoneSimulator.ActiveCfg = Debug|Any CPU
		{ADA27768-A86F-48EA-B3D5-59D3A2B8BB1C}.Debug|iPhoneSimulator.Build.0 = Debug|Any CPU
		{ADA27768-A86F-48EA-B3D5-59D3A2B8BB1C}.Debug|iPhoneSimulator.Deploy.0 = Debug|Any CPU
		{ADA27768-A86F-48EA-B3D5-59D3A2B8BB1C}.Debug|x64.ActiveCfg = Debug|Any CPU
		{ADA27768-A86F-48EA-B3D5-59D3A2B8BB1C}.Debug|x64.Build.0 = Debug|Any CPU
		{ADA27768-A86F-48EA-B3D5-59D3A2B8BB1C}.Debug|x64.Deploy.0 = Debug|Any CPU
		{ADA27768-A86F-48EA-B3D5-59D3A2B8BB1C}.Debug|x86.ActiveCfg = Debug|Any CPU
		{ADA27768-A86F-48EA-B3D5-59D3A2B8BB1C}.Debug|x86.Build.0 = Debug|Any CPU
		{ADA27768-A86F-48EA-B3D5-59D3A2B8BB1C}.Debug|x86.Deploy.0 = Debug|Any CPU
		{ADA27768-A86F-48EA-B3D5-59D3A2B8BB1C}.Release|Any CPU.ActiveCfg = Release|Any CPU
		{ADA27768-A86F-48EA-B3D5-59D3A2B8BB1C}.Release|Any CPU.Build.0 = Release|Any CPU
		{ADA27768-A86F-48EA-B3D5-59D3A2B8BB1C}.Release|Any CPU.Deploy.0 = Release|Any CPU
		{ADA27768-A86F-48EA-B3D5-59D3A2B8BB1C}.Release|ARM.ActiveCfg = Release|Any CPU
		{ADA27768-A86F-48EA-B3D5-59D3A2B8BB1C}.Release|ARM.Build.0 = Release|Any CPU
		{ADA27768-A86F-48EA-B3D5-59D3A2B8BB1C}.Release|ARM.Deploy.0 = Release|Any CPU
		{ADA27768-A86F-48EA-B3D5-59D3A2B8BB1C}.Release|iPhone.ActiveCfg = Release|Any CPU
		{ADA27768-A86F-48EA-B3D5-59D3A2B8BB1C}.Release|iPhone.Build.0 = Release|Any CPU
		{ADA27768-A86F-48EA-B3D5-59D3A2B8BB1C}.Release|iPhone.Deploy.0 = Release|Any CPU
		{ADA27768-A86F-48EA-B3D5-59D3A2B8BB1C}.Release|iPhoneSimulator.ActiveCfg = Release|Any CPU
		{ADA27768-A86F-48EA-B3D5-59D3A2B8BB1C}.Release|iPhoneSimulator.Build.0 = Release|Any CPU
		{ADA27768-A86F-48EA-B3D5-59D3A2B8BB1C}.Release|iPhoneSimulator.Deploy.0 = Release|Any CPU
		{ADA27768-A86F-48EA-B3D5-59D3A2B8BB1C}.Release|x64.ActiveCfg = Release|Any CPU
		{ADA27768-A86F-48EA-B3D5-59D3A2B8BB1C}.Release|x64.Build.0 = Release|Any CPU
		{ADA27768-A86F-48EA-B3D5-59D3A2B8BB1C}.Release|x64.Deploy.0 = Release|Any CPU
		{ADA27768-A86F-48EA-B3D5-59D3A2B8BB1C}.Release|x86.ActiveCfg = Release|Any CPU
		{ADA27768-A86F-48EA-B3D5-59D3A2B8BB1C}.Release|x86.Build.0 = Release|Any CPU
		{ADA27768-A86F-48EA-B3D5-59D3A2B8BB1C}.Release|x86.Deploy.0 = Release|Any CPU
		{23E1DD73-D318-4125-9B2A-52552BD86183}.Ad-Hoc|Any CPU.ActiveCfg = Ad-Hoc|iPhone
		{23E1DD73-D318-4125-9B2A-52552BD86183}.Ad-Hoc|ARM.ActiveCfg = Ad-Hoc|iPhone
		{23E1DD73-D318-4125-9B2A-52552BD86183}.Ad-Hoc|iPhone.ActiveCfg = Ad-Hoc|iPhone
		{23E1DD73-D318-4125-9B2A-52552BD86183}.Ad-Hoc|iPhone.Build.0 = Ad-Hoc|iPhone
		{23E1DD73-D318-4125-9B2A-52552BD86183}.Ad-Hoc|iPhoneSimulator.ActiveCfg = Ad-Hoc|iPhoneSimulator
		{23E1DD73-D318-4125-9B2A-52552BD86183}.Ad-Hoc|iPhoneSimulator.Build.0 = Ad-Hoc|iPhoneSimulator
		{23E1DD73-D318-4125-9B2A-52552BD86183}.Ad-Hoc|x64.ActiveCfg = Ad-Hoc|iPhone
		{23E1DD73-D318-4125-9B2A-52552BD86183}.Ad-Hoc|x86.ActiveCfg = Ad-Hoc|iPhone
		{23E1DD73-D318-4125-9B2A-52552BD86183}.AppStore|Any CPU.ActiveCfg = AppStore|iPhone
		{23E1DD73-D318-4125-9B2A-52552BD86183}.AppStore|ARM.ActiveCfg = AppStore|iPhone
		{23E1DD73-D318-4125-9B2A-52552BD86183}.AppStore|iPhone.ActiveCfg = AppStore|iPhone
		{23E1DD73-D318-4125-9B2A-52552BD86183}.AppStore|iPhone.Build.0 = AppStore|iPhone
		{23E1DD73-D318-4125-9B2A-52552BD86183}.AppStore|iPhoneSimulator.ActiveCfg = AppStore|iPhoneSimulator
		{23E1DD73-D318-4125-9B2A-52552BD86183}.AppStore|iPhoneSimulator.Build.0 = AppStore|iPhoneSimulator
		{23E1DD73-D318-4125-9B2A-52552BD86183}.AppStore|x64.ActiveCfg = AppStore|iPhone
		{23E1DD73-D318-4125-9B2A-52552BD86183}.AppStore|x86.ActiveCfg = AppStore|iPhone
		{23E1DD73-D318-4125-9B2A-52552BD86183}.Debug|Any CPU.ActiveCfg = Debug|iPhone
		{23E1DD73-D318-4125-9B2A-52552BD86183}.Debug|ARM.ActiveCfg = Debug|iPhone
		{23E1DD73-D318-4125-9B2A-52552BD86183}.Debug|iPhone.ActiveCfg = Debug|iPhone
		{23E1DD73-D318-4125-9B2A-52552BD86183}.Debug|iPhone.Build.0 = Debug|iPhone
		{23E1DD73-D318-4125-9B2A-52552BD86183}.Debug|iPhoneSimulator.ActiveCfg = Debug|iPhoneSimulator
		{23E1DD73-D318-4125-9B2A-52552BD86183}.Debug|iPhoneSimulator.Build.0 = Debug|iPhoneSimulator
		{23E1DD73-D318-4125-9B2A-52552BD86183}.Debug|x64.ActiveCfg = Debug|iPhone
		{23E1DD73-D318-4125-9B2A-52552BD86183}.Debug|x86.ActiveCfg = Debug|iPhone
		{23E1DD73-D318-4125-9B2A-52552BD86183}.Release|Any CPU.ActiveCfg = Release|iPhone
		{23E1DD73-D318-4125-9B2A-52552BD86183}.Release|ARM.ActiveCfg = Release|iPhone
		{23E1DD73-D318-4125-9B2A-52552BD86183}.Release|iPhone.ActiveCfg = Release|iPhone
		{23E1DD73-D318-4125-9B2A-52552BD86183}.Release|iPhone.Build.0 = Release|iPhone
		{23E1DD73-D318-4125-9B2A-52552BD86183}.Release|iPhoneSimulator.ActiveCfg = Release|iPhoneSimulator
		{23E1DD73-D318-4125-9B2A-52552BD86183}.Release|iPhoneSimulator.Build.0 = Release|iPhoneSimulator
		{23E1DD73-D318-4125-9B2A-52552BD86183}.Release|x64.ActiveCfg = Release|iPhone
		{23E1DD73-D318-4125-9B2A-52552BD86183}.Release|x86.ActiveCfg = Release|iPhone
		{1663F0F7-2A21-4FD1-9E11-26D4A1C0A094}.Ad-Hoc|Any CPU.ActiveCfg = Release|x86
		{1663F0F7-2A21-4FD1-9E11-26D4A1C0A094}.Ad-Hoc|Any CPU.Build.0 = Release|x86
		{1663F0F7-2A21-4FD1-9E11-26D4A1C0A094}.Ad-Hoc|Any CPU.Deploy.0 = Release|x86
		{1663F0F7-2A21-4FD1-9E11-26D4A1C0A094}.Ad-Hoc|ARM.ActiveCfg = Release|ARM
		{1663F0F7-2A21-4FD1-9E11-26D4A1C0A094}.Ad-Hoc|ARM.Build.0 = Release|ARM
		{1663F0F7-2A21-4FD1-9E11-26D4A1C0A094}.Ad-Hoc|ARM.Deploy.0 = Release|ARM
		{1663F0F7-2A21-4FD1-9E11-26D4A1C0A094}.Ad-Hoc|iPhone.ActiveCfg = Release|x86
		{1663F0F7-2A21-4FD1-9E11-26D4A1C0A094}.Ad-Hoc|iPhone.Build.0 = Release|x86
		{1663F0F7-2A21-4FD1-9E11-26D4A1C0A094}.Ad-Hoc|iPhone.Deploy.0 = Release|x86
		{1663F0F7-2A21-4FD1-9E11-26D4A1C0A094}.Ad-Hoc|iPhoneSimulator.ActiveCfg = Release|x86
		{1663F0F7-2A21-4FD1-9E11-26D4A1C0A094}.Ad-Hoc|iPhoneSimulator.Build.0 = Release|x86
		{1663F0F7-2A21-4FD1-9E11-26D4A1C0A094}.Ad-Hoc|iPhoneSimulator.Deploy.0 = Release|x86
		{1663F0F7-2A21-4FD1-9E11-26D4A1C0A094}.Ad-Hoc|x64.ActiveCfg = Release|x64
		{1663F0F7-2A21-4FD1-9E11-26D4A1C0A094}.Ad-Hoc|x64.Build.0 = Release|x64
		{1663F0F7-2A21-4FD1-9E11-26D4A1C0A094}.Ad-Hoc|x64.Deploy.0 = Release|x64
		{1663F0F7-2A21-4FD1-9E11-26D4A1C0A094}.Ad-Hoc|x86.ActiveCfg = Release|x86
		{1663F0F7-2A21-4FD1-9E11-26D4A1C0A094}.Ad-Hoc|x86.Build.0 = Release|x86
		{1663F0F7-2A21-4FD1-9E11-26D4A1C0A094}.Ad-Hoc|x86.Deploy.0 = Release|x86
		{1663F0F7-2A21-4FD1-9E11-26D4A1C0A094}.AppStore|Any CPU.ActiveCfg = Release|x86
		{1663F0F7-2A21-4FD1-9E11-26D4A1C0A094}.AppStore|Any CPU.Build.0 = Release|x86
		{1663F0F7-2A21-4FD1-9E11-26D4A1C0A094}.AppStore|Any CPU.Deploy.0 = Release|x86
		{1663F0F7-2A21-4FD1-9E11-26D4A1C0A094}.AppStore|ARM.ActiveCfg = Release|ARM
		{1663F0F7-2A21-4FD1-9E11-26D4A1C0A094}.AppStore|ARM.Build.0 = Release|ARM
		{1663F0F7-2A21-4FD1-9E11-26D4A1C0A094}.AppStore|ARM.Deploy.0 = Release|ARM
		{1663F0F7-2A21-4FD1-9E11-26D4A1C0A094}.AppStore|iPhone.ActiveCfg = Release|x86
		{1663F0F7-2A21-4FD1-9E11-26D4A1C0A094}.AppStore|iPhone.Build.0 = Release|x86
		{1663F0F7-2A21-4FD1-9E11-26D4A1C0A094}.AppStore|iPhone.Deploy.0 = Release|x86
		{1663F0F7-2A21-4FD1-9E11-26D4A1C0A094}.AppStore|iPhoneSimulator.ActiveCfg = Release|x86
		{1663F0F7-2A21-4FD1-9E11-26D4A1C0A094}.AppStore|iPhoneSimulator.Build.0 = Release|x86
		{1663F0F7-2A21-4FD1-9E11-26D4A1C0A094}.AppStore|iPhoneSimulator.Deploy.0 = Release|x86
		{1663F0F7-2A21-4FD1-9E11-26D4A1C0A094}.AppStore|x64.ActiveCfg = Release|x64
		{1663F0F7-2A21-4FD1-9E11-26D4A1C0A094}.AppStore|x64.Build.0 = Release|x64
		{1663F0F7-2A21-4FD1-9E11-26D4A1C0A094}.AppStore|x64.Deploy.0 = Release|x64
		{1663F0F7-2A21-4FD1-9E11-26D4A1C0A094}.AppStore|x86.ActiveCfg = Release|x86
		{1663F0F7-2A21-4FD1-9E11-26D4A1C0A094}.AppStore|x86.Build.0 = Release|x86
		{1663F0F7-2A21-4FD1-9E11-26D4A1C0A094}.AppStore|x86.Deploy.0 = Release|x86
		{1663F0F7-2A21-4FD1-9E11-26D4A1C0A094}.Debug|Any CPU.ActiveCfg = Debug|x86
		{1663F0F7-2A21-4FD1-9E11-26D4A1C0A094}.Debug|Any CPU.Build.0 = Debug|x86
		{1663F0F7-2A21-4FD1-9E11-26D4A1C0A094}.Debug|Any CPU.Deploy.0 = Debug|x86
		{1663F0F7-2A21-4FD1-9E11-26D4A1C0A094}.Debug|ARM.ActiveCfg = Debug|ARM
		{1663F0F7-2A21-4FD1-9E11-26D4A1C0A094}.Debug|ARM.Build.0 = Debug|ARM
		{1663F0F7-2A21-4FD1-9E11-26D4A1C0A094}.Debug|ARM.Deploy.0 = Debug|ARM
		{1663F0F7-2A21-4FD1-9E11-26D4A1C0A094}.Debug|iPhone.ActiveCfg = Debug|x86
		{1663F0F7-2A21-4FD1-9E11-26D4A1C0A094}.Debug|iPhoneSimulator.ActiveCfg = Debug|x86
		{1663F0F7-2A21-4FD1-9E11-26D4A1C0A094}.Debug|x64.ActiveCfg = Debug|x64
		{1663F0F7-2A21-4FD1-9E11-26D4A1C0A094}.Debug|x64.Build.0 = Debug|x64
		{1663F0F7-2A21-4FD1-9E11-26D4A1C0A094}.Debug|x64.Deploy.0 = Debug|x64
		{1663F0F7-2A21-4FD1-9E11-26D4A1C0A094}.Debug|x86.ActiveCfg = Debug|x86
		{1663F0F7-2A21-4FD1-9E11-26D4A1C0A094}.Debug|x86.Build.0 = Debug|x86
		{1663F0F7-2A21-4FD1-9E11-26D4A1C0A094}.Debug|x86.Deploy.0 = Debug|x86
		{1663F0F7-2A21-4FD1-9E11-26D4A1C0A094}.Release|Any CPU.ActiveCfg = Release|x86
		{1663F0F7-2A21-4FD1-9E11-26D4A1C0A094}.Release|ARM.ActiveCfg = Release|ARM
		{1663F0F7-2A21-4FD1-9E11-26D4A1C0A094}.Release|ARM.Build.0 = Release|ARM
		{1663F0F7-2A21-4FD1-9E11-26D4A1C0A094}.Release|ARM.Deploy.0 = Release|ARM
		{1663F0F7-2A21-4FD1-9E11-26D4A1C0A094}.Release|iPhone.ActiveCfg = Release|x86
		{1663F0F7-2A21-4FD1-9E11-26D4A1C0A094}.Release|iPhoneSimulator.ActiveCfg = Release|x86
		{1663F0F7-2A21-4FD1-9E11-26D4A1C0A094}.Release|x64.ActiveCfg = Release|x64
		{1663F0F7-2A21-4FD1-9E11-26D4A1C0A094}.Release|x64.Build.0 = Release|x64
		{1663F0F7-2A21-4FD1-9E11-26D4A1C0A094}.Release|x64.Deploy.0 = Release|x64
		{1663F0F7-2A21-4FD1-9E11-26D4A1C0A094}.Release|x86.ActiveCfg = Release|x86
		{1663F0F7-2A21-4FD1-9E11-26D4A1C0A094}.Release|x86.Build.0 = Release|x86
		{1663F0F7-2A21-4FD1-9E11-26D4A1C0A094}.Release|x86.Deploy.0 = Release|x86
		{8E7E6F11-5344-41B2-B837-3B1A3567B398}.Ad-Hoc|Any CPU.ActiveCfg = Release|Any CPU
		{8E7E6F11-5344-41B2-B837-3B1A3567B398}.Ad-Hoc|Any CPU.Build.0 = Release|Any CPU
		{8E7E6F11-5344-41B2-B837-3B1A3567B398}.Ad-Hoc|ARM.ActiveCfg = Release|Any CPU
		{8E7E6F11-5344-41B2-B837-3B1A3567B398}.Ad-Hoc|ARM.Build.0 = Release|Any CPU
		{8E7E6F11-5344-41B2-B837-3B1A3567B398}.Ad-Hoc|iPhone.ActiveCfg = Release|Any CPU
		{8E7E6F11-5344-41B2-B837-3B1A3567B398}.Ad-Hoc|iPhone.Build.0 = Release|Any CPU
		{8E7E6F11-5344-41B2-B837-3B1A3567B398}.Ad-Hoc|iPhoneSimulator.ActiveCfg = Release|Any CPU
		{8E7E6F11-5344-41B2-B837-3B1A3567B398}.Ad-Hoc|iPhoneSimulator.Build.0 = Release|Any CPU
		{8E7E6F11-5344-41B2-B837-3B1A3567B398}.Ad-Hoc|x64.ActiveCfg = Release|Any CPU
		{8E7E6F11-5344-41B2-B837-3B1A3567B398}.Ad-Hoc|x64.Build.0 = Release|Any CPU
		{8E7E6F11-5344-41B2-B837-3B1A3567B398}.Ad-Hoc|x86.ActiveCfg = Release|Any CPU
		{8E7E6F11-5344-41B2-B837-3B1A3567B398}.Ad-Hoc|x86.Build.0 = Release|Any CPU
		{8E7E6F11-5344-41B2-B837-3B1A3567B398}.AppStore|Any CPU.ActiveCfg = Release|Any CPU
		{8E7E6F11-5344-41B2-B837-3B1A3567B398}.AppStore|Any CPU.Build.0 = Release|Any CPU
		{8E7E6F11-5344-41B2-B837-3B1A3567B398}.AppStore|ARM.ActiveCfg = Release|Any CPU
		{8E7E6F11-5344-41B2-B837-3B1A3567B398}.AppStore|ARM.Build.0 = Release|Any CPU
		{8E7E6F11-5344-41B2-B837-3B1A3567B398}.AppStore|iPhone.ActiveCfg = Release|Any CPU
		{8E7E6F11-5344-41B2-B837-3B1A3567B398}.AppStore|iPhone.Build.0 = Release|Any CPU
		{8E7E6F11-5344-41B2-B837-3B1A3567B398}.AppStore|iPhoneSimulator.ActiveCfg = Release|Any CPU
		{8E7E6F11-5344-41B2-B837-3B1A3567B398}.AppStore|iPhoneSimulator.Build.0 = Release|Any CPU
		{8E7E6F11-5344-41B2-B837-3B1A3567B398}.AppStore|x64.ActiveCfg = Release|Any CPU
		{8E7E6F11-5344-41B2-B837-3B1A3567B398}.AppStore|x64.Build.0 = Release|Any CPU
		{8E7E6F11-5344-41B2-B837-3B1A3567B398}.AppStore|x86.ActiveCfg = Release|Any CPU
		{8E7E6F11-5344-41B2-B837-3B1A3567B398}.AppStore|x86.Build.0 = Release|Any CPU
		{8E7E6F11-5344-41B2-B837-3B1A3567B398}.Debug|Any CPU.ActiveCfg = Debug|Any CPU
		{8E7E6F11-5344-41B2-B837-3B1A3567B398}.Debug|Any CPU.Build.0 = Debug|Any CPU
		{8E7E6F11-5344-41B2-B837-3B1A3567B398}.Debug|ARM.ActiveCfg = Debug|Any CPU
		{8E7E6F11-5344-41B2-B837-3B1A3567B398}.Debug|ARM.Build.0 = Debug|Any CPU
		{8E7E6F11-5344-41B2-B837-3B1A3567B398}.Debug|iPhone.ActiveCfg = Debug|Any CPU
		{8E7E6F11-5344-41B2-B837-3B1A3567B398}.Debug|iPhone.Build.0 = Debug|Any CPU
		{8E7E6F11-5344-41B2-B837-3B1A3567B398}.Debug|iPhoneSimulator.ActiveCfg = Debug|Any CPU
		{8E7E6F11-5344-41B2-B837-3B1A3567B398}.Debug|iPhoneSimulator.Build.0 = Debug|Any CPU
		{8E7E6F11-5344-41B2-B837-3B1A3567B398}.Debug|x64.ActiveCfg = Debug|Any CPU
		{8E7E6F11-5344-41B2-B837-3B1A3567B398}.Debug|x64.Build.0 = Debug|Any CPU
		{8E7E6F11-5344-41B2-B837-3B1A3567B398}.Debug|x86.ActiveCfg = Debug|Any CPU
		{8E7E6F11-5344-41B2-B837-3B1A3567B398}.Debug|x86.Build.0 = Debug|Any CPU
		{8E7E6F11-5344-41B2-B837-3B1A3567B398}.Release|Any CPU.ActiveCfg = Release|Any CPU
		{8E7E6F11-5344-41B2-B837-3B1A3567B398}.Release|Any CPU.Build.0 = Release|Any CPU
		{8E7E6F11-5344-41B2-B837-3B1A3567B398}.Release|ARM.ActiveCfg = Release|Any CPU
		{8E7E6F11-5344-41B2-B837-3B1A3567B398}.Release|ARM.Build.0 = Release|Any CPU
		{8E7E6F11-5344-41B2-B837-3B1A3567B398}.Release|iPhone.ActiveCfg = Release|Any CPU
		{8E7E6F11-5344-41B2-B837-3B1A3567B398}.Release|iPhone.Build.0 = Release|Any CPU
		{8E7E6F11-5344-41B2-B837-3B1A3567B398}.Release|iPhoneSimulator.ActiveCfg = Release|Any CPU
		{8E7E6F11-5344-41B2-B837-3B1A3567B398}.Release|iPhoneSimulator.Build.0 = Release|Any CPU
		{8E7E6F11-5344-41B2-B837-3B1A3567B398}.Release|x64.ActiveCfg = Release|Any CPU
		{8E7E6F11-5344-41B2-B837-3B1A3567B398}.Release|x64.Build.0 = Release|Any CPU
		{8E7E6F11-5344-41B2-B837-3B1A3567B398}.Release|x86.ActiveCfg = Release|Any CPU
		{8E7E6F11-5344-41B2-B837-3B1A3567B398}.Release|x86.Build.0 = Release|Any CPU
	EndGlobalSection
	GlobalSection(SolutionProperties) = preSolution
		HideSolutionNode = FALSE
	EndGlobalSection
EndGlobal
